
Microsoft Visual Studio Solution File, Format Version 12.00
Project("{FAE04EC0-301F-11D3-BF4B-00C04F79EFBC}") = "ZippingService", "ZippingService\ZippingService.csproj", "{2A0A5777-775A-45E2-A759-797F9D325BDB}"
EndProject
Project("{FAE04EC0-301F-11D3-BF4B-00C04F79EFBC}") = "SingleFileZip", "SingleFileZip\SingleFileZip.csproj", "{B9882724-6A46-47F8-852A-7F5B2B27B386}"
EndProject
Project("{FAE04EC0-301F-11D3-BF4B-00C04F79EFBC}") = "MultipleFilesZip", "MultipleFilesZip\MultipleFilesZip.csproj", "{1AFB003E-8F8F-4AE5-ADC1-A677D66B7D10}"
EndProject
Global
	GlobalSection(SolutionConfigurationPlatforms) = preSolution
		Debug|Any CPU = Debug|Any CPU
		Release|Any CPU = Release|Any CPU
	EndGlobalSection
	GlobalSection(ProjectConfigurationPlatforms) = postSolution
		{2A0A5777-775A-45E2-A759-797F9D325BDB}.Debug|Any CPU.ActiveCfg = Debug|Any CPU
		{2A0A5777-775A-45E2-A759-797F9D325BDB}.Debug|Any CPU.Build.0 = Debug|Any CPU
		{2A0A5777-775A-45E2-A759-797F9D325BDB}.Release|Any CPU.ActiveCfg = Release|Any CPU
		{2A0A5777-775A-45E2-A759-797F9D325BDB}.Release|Any CPU.Build.0 = Release|Any CPU
		{B9882724-6A46-47F8-852A-7F5B2B27B386}.Debug|Any CPU.ActiveCfg = Debug|Any CPU
		{B9882724-6A46-47F8-852A-7F5B2B27B386}.Debug|Any CPU.Build.0 = Debug|Any CPU
		{B9882724-6A46-47F8-852A-7F5B2B27B386}.Release|Any CPU.ActiveCfg = Release|Any CPU
		{B9882724-6A46-47F8-852A-7F5B2B27B386}.Release|Any CPU.Build.0 = Release|Any CPU
		{1AFB003E-8F8F-4AE5-ADC1-A677D66B7D10}.Debug|Any CPU.ActiveCfg = Debug|Any CPU
		{1AFB003E-8F8F-4AE5-ADC1-A677D66B7D10}.Debug|Any CPU.Build.0 = Debug|Any CPU
		{1AFB003E-8F8F-4AE5-ADC1-A677D66B7D10}.Release|Any CPU.ActiveCfg = Release|Any CPU
		{1AFB003E-8F8F-4AE5-ADC1-A677D66B7D10}.Release|Any CPU.Build.0 = Release|Any CPU
	EndGlobalSection
EndGlobal
